// !$*UTF8*$!
{
	archiveVersion = 1;
	classes = {
	};
	objectVersion = 51;
	objects = {

/* Begin PBXBuildFile section */
		0446D664249B7C68006245B8 /* Animation.swift in Sources */ = {isa = PBXBuildFile; fileRef = 0446D663249B7C68006245B8 /* Animation.swift */; };
		0446D666249B7ED6006245B8 /* Curve.swift in Sources */ = {isa = PBXBuildFile; fileRef = 0446D665249B7ED6006245B8 /* Curve.swift */; };
		04DC86AE249B4E3F005315A5 /* AppDelegate.swift in Sources */ = {isa = PBXBuildFile; fileRef = 04DC86AD249B4E3F005315A5 /* AppDelegate.swift */; };
		04DC86B0249B4E3F005315A5 /* SceneDelegate.swift in Sources */ = {isa = PBXBuildFile; fileRef = 04DC86AF249B4E3F005315A5 /* SceneDelegate.swift */; };
		04DC86B2249B4E3F005315A5 /* AnimationViewController.swift in Sources */ = {isa = PBXBuildFile; fileRef = 04DC86B1249B4E3F005315A5 /* AnimationViewController.swift */; };
		04DC86B5249B4E3F005315A5 /* Main.storyboard in Resources */ = {isa = PBXBuildFile; fileRef = 04DC86B3249B4E3F005315A5 /* Main.storyboard */; };
		04DC86B7249B4E41005315A5 /* Assets.xcassets in Resources */ = {isa = PBXBuildFile; fileRef = 04DC86B6249B4E41005315A5 /* Assets.xcassets */; };
		04DC86BA249B4E41005315A5 /* LaunchScreen.storyboard in Resources */ = {isa = PBXBuildFile; fileRef = 04DC86B8249B4E41005315A5 /* LaunchScreen.storyboard */; };
		FBE6EBF9BAD9BD2EC116C82F /* Pods_SpringAPP.framework in Frameworks */ = {isa = PBXBuildFile; fileRef = B99042DFF74D12AE88277879 /* Pods_SpringAPP.framework */; };
/* End PBXBuildFile section */

/* Begin PBXFileReference section */
		0446D663249B7C68006245B8 /* Animation.swift */ = {isa = PBXFileReference; lastKnownFileType = sourcecode.swift; path = Animation.swift; sourceTree = "<group>"; };
		0446D665249B7ED6006245B8 /* Curve.swift */ = {isa = PBXFileReference; lastKnownFileType = sourcecode.swift; path = Curve.swift; sourceTree = "<group>"; };
		04DC86AA249B4E3F005315A5 /* SpringAPP.app */ = {isa = PBXFileReference; explicitFileType = wrapper.application; includeInIndex = 0; path = SpringAPP.app; sourceTree = BUILT_PRODUCTS_DIR; };
		04DC86AD249B4E3F005315A5 /* AppDelegate.swift */ = {isa = PBXFileReference; lastKnownFileType = sourcecode.swift; path = AppDelegate.swift; sourceTree = "<group>"; };
		04DC86AF249B4E3F005315A5 /* SceneDelegate.swift */ = {isa = PBXFileReference; lastKnownFileType = sourcecode.swift; path = SceneDelegate.swift; sourceTree = "<group>"; };
		04DC86B1249B4E3F005315A5 /* AnimationViewController.swift */ = {isa = PBXFileReference; lastKnownFileType = sourcecode.swift; path = AnimationViewController.swift; sourceTree = "<group>"; };
		04DC86B4249B4E3F005315A5 /* Base */ = {isa = PBXFileReference; lastKnownFileType = file.storyboard; name = Base; path = Base.lproj/Main.storyboard; sourceTree = "<group>"; };
		04DC86B6249B4E41005315A5 /* Assets.xcassets */ = {isa = PBXFileReference; lastKnownFileType = folder.assetcatalog; path = Assets.xcassets; sourceTree = "<group>"; };
		04DC86B9249B4E41005315A5 /* Base */ = {isa = PBXFileReference; lastKnownFileType = file.storyboard; name = Base; path = Base.lproj/LaunchScreen.storyboard; sourceTree = "<group>"; };
		04DC86BB249B4E41005315A5 /* Info.plist */ = {isa = PBXFileReference; lastKnownFileType = text.plist.xml; path = Info.plist; sourceTree = "<group>"; };
		5C1E7118DF4BAC4A06EC9A8E /* Pods-SpringAPP.release.xcconfig */ = {isa = PBXFileReference; includeInIndex = 1; lastKnownFileType = text.xcconfig; name = "Pods-SpringAPP.release.xcconfig"; path = "Target Support Files/Pods-SpringAPP/Pods-SpringAPP.release.xcconfig"; sourceTree = "<group>"; };
		B99042DFF74D12AE88277879 /* Pods_SpringAPP.framework */ = {isa = PBXFileReference; explicitFileType = wrapper.framework; includeInIndex = 0; path = Pods_SpringAPP.framework; sourceTree = BUILT_PRODUCTS_DIR; };
		D8C5EC3E4AB1DD5E16F69F42 /* Pods-SpringAPP.debug.xcconfig */ = {isa = PBXFileReference; includeInIndex = 1; lastKnownFileType = text.xcconfig; name = "Pods-SpringAPP.debug.xcconfig"; path = "Target Support Files/Pods-SpringAPP/Pods-SpringAPP.debug.xcconfig"; sourceTree = "<group>"; };
/* End PBXFileReference section */

/* Begin PBXFrameworksBuildPhase section */
		04DC86A7249B4E3F005315A5 /* Frameworks */ = {
			isa = PBXFrameworksBuildPhase;
			buildActionMask = 2147483647;
			files = (
				FBE6EBF9BAD9BD2EC116C82F /* Pods_SpringAPP.framework in Frameworks */,
			);
			runOnlyForDeploymentPostprocessing = 0;
		};
/* End PBXFrameworksBuildPhase section */

/* Begin PBXGroup section */
		04DC86A1249B4E3F005315A5 = {
			isa = PBXGroup;
			children = (
				04DC86AC249B4E3F005315A5 /* SpringAPP */,
				04DC86AB249B4E3F005315A5 /* Products */,
				D7C6987BACCD124B5D1E9FAD /* Pods */,
				D85DD5C38BCE0D52EF94B389 /* Frameworks */,
			);
			sourceTree = "<group>";
		};
		04DC86AB249B4E3F005315A5 /* Products */ = {
			isa = PBXGroup;
			children = (
				04DC86AA249B4E3F005315A5 /* SpringAPP.app */,
			);
			name = Products;
			sourceTree = "<group>";
		};
		04DC86AC249B4E3F005315A5 /* SpringAPP */ = {
			isa = PBXGroup;
			children = (
				04DC86AD249B4E3F005315A5 /* AppDelegate.swift */,
				04DC86AF249B4E3F005315A5 /* SceneDelegate.swift */,
				04DC86B1249B4E3F005315A5 /* AnimationViewController.swift */,
				04DC86B3249B4E3F005315A5 /* Main.storyboard */,
				04DC86B6249B4E41005315A5 /* Assets.xcassets */,
				04DC86B8249B4E41005315A5 /* LaunchScreen.storyboard */,
				04DC86BB249B4E41005315A5 /* Info.plist */,
				0446D663249B7C68006245B8 /* Animation.swift */,
				0446D665249B7ED6006245B8 /* Curve.swift */,
			);
			path = SpringAPP;
			sourceTree = "<group>";
		};
		D7C6987BACCD124B5D1E9FAD /* Pods */ = {
			isa = PBXGroup;
			children = (
				D8C5EC3E4AB1DD5E16F69F42 /* Pods-SpringAPP.debug.xcconfig */,
				5C1E7118DF4BAC4A06EC9A8E /* Pods-SpringAPP.release.xcconfig */,
			);
			path = Pods;
			sourceTree = "<group>";
		};
		D85DD5C38BCE0D52EF94B389 /* Frameworks */ = {
			isa = PBXGroup;
			children = (
				B99042DFF74D12AE88277879 /* Pods_SpringAPP.framework */,
			);
			name = Frameworks;
			sourceTree = "<group>";
		};
/* End PBXGroup section */

/* Begin PBXNativeTarget section */
		04DC86A9249B4E3F005315A5 /* SpringAPP */ = {
			isa = PBXNativeTarget;
			buildConfigurationList = 04DC86BE249B4E41005315A5 /* Build configuration list for PBXNativeTarget "SpringAPP" */;
			buildPhases = (
				583E91682762C79260EAF001 /* [CP] Check Pods Manifest.lock */,
				04DC86A6249B4E3F005315A5 /* Sources */,
				04DC86A7249B4E3F005315A5 /* Frameworks */,
				04DC86A8249B4E3F005315A5 /* Resources */,
				E32BFA2E4D54A34653E2222F /* [CP] Embed Pods Frameworks */,
			);
			buildRules = (
			);
			dependencies = (
			);
			name = SpringAPP;
			productName = SpringAPP;
			productReference = 04DC86AA249B4E3F005315A5 /* SpringAPP.app */;
			productType = "com.apple.product-type.application";
		};
/* End PBXNativeTarget section */

/* Begin PBXProject section */
		04DC86A2249B4E3F005315A5 /* Project object */ = {
			isa = PBXProject;
			attributes = {
				LastSwiftUpdateCheck = 1150;
				LastUpgradeCheck = 1150;
				ORGANIZATIONNAME = "Oleg Stasiw";
				TargetAttributes = {
					04DC86A9249B4E3F005315A5 = {
						CreatedOnToolsVersion = 11.5;
					};
				};
			};
			buildConfigurationList = 04DC86A5249B4E3F005315A5 /* Build configuration list for PBXProject "SpringAPP" */;
			compatibilityVersion = "Xcode 9.3";
			developmentRegion = en;
			hasScannedForEncodings = 0;
			knownRegions = (
				en,
				Base,
			);
			mainGroup = 04DC86A1249B4E3F005315A5;
			productRefGroup = 04DC86AB249B4E3F005315A5 /* Products */;
			projectDirPath = "";
			projectRoot = "";
			targets = (
				04DC86A9249B4E3F005315A5 /* SpringAPP */,
			);
		};
/* End PBXProject section */

/* Begin PBXResourcesBuildPhase section */
		04DC86A8249B4E3F005315A5 /* Resources */ = {
			isa = PBXResourcesBuildPhase;
			buildActionMask = 2147483647;
			files = (
				04DC86BA249B4E41005315A5 /* LaunchScreen.storyboard in Resources */,
				04DC86B7249B4E41005315A5 /* Assets.xcassets in Resources */,
				04DC86B5249B4E3F005315A5 /* Main.storyboard in Resources */,
			);
			runOnlyForDeploymentPostprocessing = 0;
		};
/* End PBXResourcesBuildPhase section */

/* Begin PBXShellScriptBuildPhase section */
		583E91682762C79260EAF001 /* [CP] Check Pods Manifest.lock */ = {
			isa = PBXShellScriptBuildPhase;
			buildActionMask = 2147483647;
			files = (
			);
			inputFileListPaths = (
			);
			inputPaths = (
				"${PODS_PODFILE_DIR_PATH}/Podfile.lock",
				"${PODS_ROOT}/Manifest.lock",
			);
			name = "[CP] Check Pods Manifest.lock";
			outputFileListPaths = (
			);
			outputPaths = (
				"$(DERIVED_FILE_DIR)/Pods-SpringAPP-checkManifestLockResult.txt",
			);
			runOnlyForDeploymentPostprocessing = 0;
			shellPath = /bin/sh;
			shellScript = "diff \"${PODS_PODFILE_DIR_PATH}/Podfile.lock\" \"${PODS_ROOT}/Manifest.lock\" > /dev/null\nif [ $? != 0 ] ; then\n    # print error to STDERR\n    echo \"error: The sandbox is not in sync with the Podfile.lock. Run 'pod install' or update your CocoaPods installation.\" >&2\n    exit 1\nfi\n# This output is used by Xcode 'outputs' to avoid re-running this script phase.\necho \"SUCCESS\" > \"${SCRIPT_OUTPUT_FILE_0}\"\n";
			showEnvVarsInLog = 0;
		};
		E32BFA2E4D54A34653E2222F /* [CP] Embed Pods Frameworks */ = {
			isa = PBXShellScriptBuildPhase;
			buildActionMask = 2147483647;
			files = (
			);
			inputFileListPaths = (
				"${PODS_ROOT}/Target Support Files/Pods-SpringAPP/Pods-SpringAPP-frameworks-${CONFIGURATION}-input-files.xcfilelist",
			);
			name = "[CP] Embed Pods Frameworks";
			outputFileListPaths = (
				"${PODS_ROOT}/Target Support Files/Pods-SpringAPP/Pods-SpringAPP-frameworks-${CONFIGURATION}-output-files.xcfilelist",
			);
			runOnlyForDeploymentPostprocessing = 0;
			shellPath = /bin/sh;
			shellScript = "\"${PODS_ROOT}/Target Support Files/Pods-SpringAPP/Pods-SpringAPP-frameworks.sh\"\n";
			showEnvVarsInLog = 0;
		};
/* End PBXShellScriptBuildPhase section */

/* Begin PBXSourcesBuildPhase section */
		04DC86A6249B4E3F005315A5 /* Sources */ = {
			isa = PBXSourcesBuildPhase;
			buildActionMask = 2147483647;
			files = (
				0446D666249B7ED6006245B8 /* Curve.swift in Sources */,
				04DC86B2249B4E3F005315A5 /* AnimationViewController.swift in Sources */,
				04DC86AE249B4E3F005315A5 /* AppDelegate.swift in Sources */,
				0446D664249B7C68006245B8 /* Animation.swift in Sources */,
				04DC86B0249B4E3F005315A5 /* SceneDelegate.swift in Sources */,
			);
			runOnlyForDeploymentPostprocessing = 0;
		};
/* End PBXSourcesBuildPhase section */

/* Begin PBXVariantGroup section */
		04DC86B3249B4E3F005315A5 /* Main.storyboard */ = {
			isa = PBXVariantGroup;
			children = (
				04DC86B4249B4E3F005315A5 /* Base */,
			);
			name = Main.storyboard;
			sourceTree = "<group>";
		};
		04DC86B8249B4E41005315A5 /* LaunchScreen.storyboard */ = {
			isa = PBXVariantGroup;
			children = (
				04DC86B9249B4E41005315A5 /* Base */,
			);
			name = LaunchScreen.storyboard;
			sourceTree = "<group>";
		};
/* End PBXVariantGroup section */

/* Begin XCBuildConfiguration section */
		04DC86BC249B4E41005315A5 /* Debug */ = {
			isa = XCBuildConfiguration;
			buildSettings = {
				ALWAYS_SEARCH_USER_PATHS = NO;
				CLANG_ANALYZER_NONNULL = YES;
				CLANG_ANALYZER_NUMBER_OBJECT_CONVERSION = YES_AGGRESSIVE;
				CLANG_CXX_LANGUAGE_STANDARD = "gnu++14";
				CLANG_CXX_LIBRARY = "libc++";
				CLANG_ENABLE_MODULES = YES;
				CLANG_ENABLE_OBJC_ARC = YES;
				CLANG_ENABLE_OBJC_WEAK = YES;
				CLANG_WARN_BLOCK_CAPTURE_AUTORELEASING = YES;
				CLANG_WARN_BOOL_CONVERSION = YES;
				CLANG_WARN_COMMA = YES;
				CLANG_WARN_CONSTANT_CONVERSION = YES;
				CLANG_WARN_DEPRECATED_OBJC_IMPLEMENTATIONS = YES;
				CLANG_WARN_DIRECT_OBJC_ISA_USAGE = YES_ERROR;
				CLANG_WARN_DOCUMENTATION_COMMENTS = YES;
				CLANG_WARN_EMPTY_BODY = YES;
				CLANG_WARN_ENUM_CONVERSION = YES;
				CLANG_WARN_INFINITE_RECURSION = YES;
				CLANG_WARN_INT_CONVERSION = YES;
				CLANG_WARN_NON_LITERAL_NULL_CONVERSION = YES;
				CLANG_WARN_OBJC_IMPLICIT_RETAIN_SELF = YES;
				CLANG_WARN_OBJC_LITERAL_CONVERSION = YES;
				CLANG_WARN_OBJC_ROOT_CLASS = YES_ERROR;
				CLANG_WARN_RANGE_LOOP_ANALYSIS = YES;
				CLANG_WARN_STRICT_PROTOTYPES = YES;
				CLANG_WARN_SUSPICIOUS_MOVE = YES;
				CLANG_WARN_UNGUARDED_AVAILABILITY = YES_AGGRESSIVE;
				CLANG_WARN_UNREACHABLE_CODE = YES;
				CLANG_WARN__DUPLICATE_METHOD_MATCH = YES;
				COPY_PHASE_STRIP = NO;
				DEBUG_INFORMATION_FORMAT = dwarf;
				ENABLE_STRICT_OBJC_MSGSEND = YES;
				ENABLE_TESTABILITY = YES;
				GCC_C_LANGUAGE_STANDARD = gnu11;
				GCC_DYNAMIC_NO_PIC = NO;
				GCC_NO_COMMON_BLOCKS = YES;
				GCC_OPTIMIZATION_LEVEL = 0;
				GCC_PREPROCESSOR_DEFINITIONS = (
					"DEBUG=1",
					"$(inherited)",
				);
				GCC_WARN_64_TO_32_BIT_CONVERSION = YES;
				GCC_WARN_ABOUT_RETURN_TYPE = YES_ERROR;
				GCC_WARN_UNDECLARED_SELECTOR = YES;
				GCC_WARN_UNINITIALIZED_AUTOS = YES_AGGRESSIVE;
				GCC_WARN_UNUSED_FUNCTION = YES;
				GCC_WARN_UNUSED_VARIABLE = YES;
				IPHONEOS_DEPLOYMENT_TARGET = 13.5;
				MTL_ENABLE_DEBUG_INFO = INCLUDE_SOURCE;
				MTL_FAST_MATH = YES;
				ONLY_ACTIVE_ARCH = YES;
				SDKROOT = iphoneos;
				SWIFT_ACTIVE_COMPILATION_CONDITIONS = DEBUG;
				SWIFT_OPTIMIZATION_LEVEL = "-Onone";
			};
			name = Debug;
		};
		04DC86BD249B4E41005315A5 /* Release */ = {
			isa = XCBuildConfiguration;
			buildSettings = {
				ALWAYS_SEARCH_USER_PATHS = NO;
				CLANG_ANALYZER_NONNULL = YES;
				CLANG_ANALYZER_NUMBER_OBJECT_CONVERSION = YES_AGGRESSIVE;
				CLANG_CXX_LANGUAGE_STANDARD = "gnu++14";
				CLANG_CXX_LIBRARY = "libc++";
				CLANG_ENABLE_MODULES = YES;
				CLANG_ENABLE_OBJC_ARC = YES;
				CLANG_ENABLE_OBJC_WEAK = YES;
				CLANG_WARN_BLOCK_CAPTURE_AUTORELEASING = YES;
				CLANG_WARN_BOOL_CONVERSION = YES;
				CLANG_WARN_COMMA = YES;
				CLANG_WARN_CONSTANT_CONVERSION = YES;
				CLANG_WARN_DEPRECATED_OBJC_IMPLEMENTATIONS = YES;
				CLANG_WARN_DIRECT_OBJC_ISA_USAGE = YES_ERROR;
				CLANG_WARN_DOCUMENTATION_COMMENTS = YES;
				CLANG_WARN_EMPTY_BODY = YES;
				CLANG_WARN_ENUM_CONVERSION = YES;
				CLANG_WARN_INFINITE_RECURSION = YES;
				CLANG_WARN_INT_CONVERSION = YES;
				CLANG_WARN_NON_LITERAL_NULL_CONVERSION = YES;
				CLANG_WARN_OBJC_IMPLICIT_RETAIN_SELF = YES;
				CLANG_WARN_OBJC_LITERAL_CONVERSION = YES;
				CLANG_WARN_OBJC_ROOT_CLASS = YES_ERROR;
				CLANG_WARN_RANGE_LOOP_ANALYSIS = YES;
				CLANG_WARN_STRICT_PROTOTYPES = YES;
				CLANG_WARN_SUSPICIOUS_MOVE = YES;
				CLANG_WARN_UNGUARDED_AVAILABILITY = YES_AGGRESSIVE;
				CLANG_WARN_UNREACHABLE_CODE = YES;
				CLANG_WARN__DUPLICATE_METHOD_MATCH = YES;
				COPY_PHASE_STRIP = NO;
				DEBUG_INFORMATION_FORMAT = "dwarf-with-dsym";
				ENABLE_NS_ASSERTIONS = NO;
				ENABLE_STRICT_OBJC_MSGSEND = YES;
				GCC_C_LANGUAGE_STANDARD = gnu11;
				GCC_NO_COMMON_BLOCKS = YES;
				GCC_WARN_64_TO_32_BIT_CONVERSION = YES;
				GCC_WARN_ABOUT_RETURN_TYPE = YES_ERROR;
				GCC_WARN_UNDECLARED_SELECTOR = YES;
				GCC_WARN_UNINITIALIZED_AUTOS = YES_AGGRESSIVE;
				GCC_WARN_UNUSED_FUNCTION = YES;
				GCC_WARN_UNUSED_VARIABLE = YES;
				IPHONEOS_DEPLOYMENT_TARGET = 13.5;
				MTL_ENABLE_DEBUG_INFO = NO;
				MTL_FAST_MATH = YES;
				SDKROOT = iphoneos;
				SWIFT_COMPILATION_MODE = wholemodule;
				SWIFT_OPTIMIZATION_LEVEL = "-O";
				VALIDATE_PRODUCT = YES;
			};
			name = Release;
		};
		04DC86BF249B4E41005315A5 /* Debug */ = {
			isa = XCBuildConfiguration;
			baseConfigurationReference = D8C5EC3E4AB1DD5E16F69F42 /* Pods-SpringAPP.debug.xcconfig */;
			buildSettings = {
				ASSETCATALOG_COMPILER_APPICON_NAME = AppIcon;
				CODE_SIGN_STYLE = Automatic;
				DEVELOPMENT_TEAM = 9964CXZHWZ;
				INFOPLIST_FILE = SpringAPP/Info.plist;
				LD_RUNPATH_SEARCH_PATHS = (
					"$(inherited)",
					"@executable_path/Frameworks",
				);
				PRODUCT_BUNDLE_IDENTIFIER = com.swift.SpringAPP;
				PRODUCT_NAME = "$(TARGET_NAME)";
				SWIFT_VERSION = 5.0;
				TARGETED_DEVICE_FAMILY = "1,2";
			};
			name = Debug;
		};
		04DC86C0249B4E41005315A5 /* Release */ = {
			isa = XCBuildConfiguration;
			baseConfigurationReference = 5C1E7118DF4BAC4A06EC9A8E /* Pods-SpringAPP.release.xcconfig */;
			buildSettings = {
				ASSETCATALOG_COMPILER_APPICON_NAME = AppIcon;
				CODE_SIGN_STYLE = Automatic;
				DEVELOPMENT_TEAM = 9964CXZHWZ;
				INFOPLIST_FILE = SpringAPP/Info.plist;
				LD_RUNPATH_SEARCH_PATHS = (
					"$(inherited)",
					"@executable_path/Frameworks",
				);
				PRODUCT_BUNDLE_IDENTIFIER = com.swift.SpringAPP;
				PRODUCT_NAME = "$(TARGET_NAME)";
				SWIFT_VERSION = 5.0;
				TARGETED_DEVICE_FAMILY = "1,2";
			};
			name = Release;
		};
/* End XCBuildConfiguration section */

/* Begin XCConfigurationList section */
		04DC86A5249B4E3F005315A5 /* Build configuration list for PBXProject "SpringAPP" */ = {
			isa = XCConfigurationList;
			buildConfigurations = (
				04DC86BC249B4E41005315A5 /* Debug */,
				04DC86BD249B4E41005315A5 /* Release */,
			);
			defaultConfigurationIsVisible = 0;
			defaultConfigurationName = Release;
		};
		04DC86BE249B4E41005315A5 /* Build configuration list for PBXNativeTarget "SpringAPP" */ = {
			isa = XCConfigurationList;
			buildConfigurations = (
				04DC86BF249B4E41005315A5 /* Debug */,
				04DC86C0249B4E41005315A5 /* Release */,
			);
			defaultConfigurationIsVisible = 0;
			defaultConfigurationName = Release;
		};
/* End XCConfigurationList section */
	};
	rootObject = 04DC86A2249B4E3F005315A5 /* Project object */;
}
